
Microsoft Visual Studio Solution File, Format Version 12.00
# Visual Studio Version 17
VisualStudioVersion = 17.11.35222.181
MinimumVisualStudioVersion = 10.0.40219.1
Project("{9A19103F-16F7-4668-BE54-9A1E7A4F7556}") = "TodoApp.Web", "TodoApp.Web.csproj", "{96EC9195-DD65-4CA9-91C7-834F0D9F9B63}"
EndProject
Global
	GlobalSection(SolutionConfigurationPlatforms) = preSolution
		Debug|Any CPU = Debug|Any CPU
		Release|Any CPU = Release|Any CPU
	EndGlobalSection
	GlobalSection(ProjectConfigurationPlatforms) = postSolution
		{96EC9195-DD65-4CA9-91C7-834F0D9F9B63}.Debug|Any CPU.ActiveCfg = Debug|Any CPU
		{96EC9195-DD65-4CA9-91C7-834F0D9F9B63}.Debug|Any CPU.Build.0 = Debug|Any CPU
		{96EC9195-DD65-4CA9-91C7-834F0D9F9B63}.Release|Any CPU.ActiveCfg = Release|Any CPU
		{96EC9195-DD65-4CA9-91C7-834F0D9F9B63}.Release|Any CPU.Build.0 = Release|Any CPU
	EndGlobalSection
	GlobalSection(SolutionProperties) = preSolution
		HideSolutionNode = FALSE
	EndGlobalSection
	GlobalSection(ExtensibilityGlobals) = postSolution
		SolutionGuid = {3337907A-8CFD-4017-9BFE-BBBFD8103CCE}
	EndGlobalSection
EndGlobal
